// !$*UTF8*$!
{
	archiveVersion = 1;
	classes = {
	};
	objectVersion = 46;
	objects = {

/* Begin PBXBuildFile section */
		970C7BB4191FDD8000441833 /* Foundation.framework in Frameworks */ = {isa = PBXBuildFile; fileRef = 970C7BB3191FDD8000441833 /* Foundation.framework */; };
		970C7BB6191FDD8000441833 /* CoreGraphics.framework in Frameworks */ = {isa = PBXBuildFile; fileRef = 970C7BB5191FDD8000441833 /* CoreGraphics.framework */; };
		970C7BB8191FDD8000441833 /* UIKit.framework in Frameworks */ = {isa = PBXBuildFile; fileRef = 970C7BB7191FDD8000441833 /* UIKit.framework */; };
		970C7BBE191FDD8000441833 /* InfoPlist.strings in Resources */ = {isa = PBXBuildFile; fileRef = 970C7BBC191FDD8000441833 /* InfoPlist.strings */; };
		970C7BC0191FDD8000441833 /* main.m in Sources */ = {isa = PBXBuildFile; fileRef = 970C7BBF191FDD8000441833 /* main.m */; };
		970C7BC4191FDD8000441833 /* AppDelegate.m in Sources */ = {isa = PBXBuildFile; fileRef = 970C7BC3191FDD8000441833 /* AppDelegate.m */; };
		970C7BC7191FDD8000441833 /* Main.storyboard in Resources */ = {isa = PBXBuildFile; fileRef = 970C7BC5191FDD8000441833 /* Main.storyboard */; };
		970C7BCA191FDD8000441833 /* ViewController.m in Sources */ = {isa = PBXBuildFile; fileRef = 970C7BC9191FDD8000441833 /* ViewController.m */; };
		970C7BCC191FDD8000441833 /* Images.xcassets in Resources */ = {isa = PBXBuildFile; fileRef = 970C7BCB191FDD8000441833 /* Images.xcassets */; };
		970C7BD3191FDD8000441833 /* XCTest.framework in Frameworks */ = {isa = PBXBuildFile; fileRef = 970C7BD2191FDD8000441833 /* XCTest.framework */; };
		970C7BD4191FDD8000441833 /* Foundation.framework in Frameworks */ = {isa = PBXBuildFile; fileRef = 970C7BB3191FDD8000441833 /* Foundation.framework */; };
		970C7BD5191FDD8000441833 /* UIKit.framework in Frameworks */ = {isa = PBXBuildFile; fileRef = 970C7BB7191FDD8000441833 /* UIKit.framework */; };
		970C7BDD191FDD8000441833 /* InfoPlist.strings in Resources */ = {isa = PBXBuildFile; fileRef = 970C7BDB191FDD8000441833 /* InfoPlist.strings */; };
		970C7BDF191FDD8000441833 /* RockFolioTests.m in Sources */ = {isa = PBXBuildFile; fileRef = 970C7BDE191FDD8000441833 /* RockFolioTests.m */; };
/* End PBXBuildFile section */

/* Begin PBXContainerItemProxy section */
		970C7BD6191FDD8000441833 /* PBXContainerItemProxy */ = {
			isa = PBXContainerItemProxy;
			containerPortal = 970C7BA8191FDD7F00441833 /* Project object */;
			proxyType = 1;
			remoteGlobalIDString = 970C7BAF191FDD7F00441833;
			remoteInfo = RockFolio;
		};
/* End PBXContainerItemProxy section */

/* Begin PBXFileReference section */
		970C7BB0191FDD8000441833 /* RockFolio.app */ = {isa = PBXFileReference; explicitFileType = wrapper.application; includeInIndex = 0; path = RockFolio.app; sourceTree = BUILT_PRODUCTS_DIR; };
		970C7BB3191FDD8000441833 /* Foundation.framework */ = {isa = PBXFileReference; lastKnownFileType = wrapper.framework; name = Foundation.framework; path = System/Library/Frameworks/Foundation.framework; sourceTree = SDKROOT; };
		970C7BB5191FDD8000441833 /* CoreGraphics.framework */ = {isa = PBXFileReference; lastKnownFileType = wrapper.framework; name = CoreGraphics.framework; path = System/Library/Frameworks/CoreGraphics.framework; sourceTree = SDKROOT; };
		970C7BB7191FDD8000441833 /* UIKit.framework */ = {isa = PBXFileReference; lastKnownFileType = wrapper.framework; name = UIKit.framework; path = System/Library/Frameworks/UIKit.framework; sourceTree = SDKROOT; };
		970C7BBB191FDD8000441833 /* RockFolio-Info.plist */ = {isa = PBXFileReference; lastKnownFileType = text.plist.xml; path = "RockFolio-Info.plist"; sourceTree = "<group>"; };
		970C7BBD191FDD8000441833 /* en */ = {isa = PBXFileReference; lastKnownFileType = text.plist.strings; name = en; path = en.lproj/InfoPlist.strings; sourceTree = "<group>"; };
		970C7BBF191FDD8000441833 /* main.m */ = {isa = PBXFileReference; lastKnownFileType = sourcecode.c.objc; path = main.m; sourceTree = "<group>"; };
		970C7BC1191FDD8000441833 /* RockFolio-Prefix.pch */ = {isa = PBXFileReference; lastKnownFileType = sourcecode.c.h; path = "RockFolio-Prefix.pch"; sourceTree = "<group>"; };
		970C7BC2191FDD8000441833 /* AppDelegate.h */ = {isa = PBXFileReference; lastKnownFileType = sourcecode.c.h; path = AppDelegate.h; sourceTree = "<group>"; };
		970C7BC3191FDD8000441833 /* AppDelegate.m */ = {isa = PBXFileReference; lastKnownFileType = sourcecode.c.objc; path = AppDelegate.m; sourceTree = "<group>"; };
		970C7BC6191FDD8000441833 /* Base */ = {isa = PBXFileReference; lastKnownFileType = file.storyboard; name = Base; path = Base.lproj/Main.storyboard; sourceTree = "<group>"; };
		970C7BC8191FDD8000441833 /* ViewController.h */ = {isa = PBXFileReference; lastKnownFileType = sourcecode.c.h; path = ViewController.h; sourceTree = "<group>"; };
		970C7BC9191FDD8000441833 /* ViewController.m */ = {isa = PBXFileReference; lastKnownFileType = sourcecode.c.objc; path = ViewController.m; sourceTree = "<group>"; };
		970C7BCB191FDD8000441833 /* Images.xcassets */ = {isa = PBXFileReference; lastKnownFileType = folder.assetcatalog; path = Images.xcassets; sourceTree = "<group>"; };
		970C7BD1191FDD8000441833 /* RockFolioTests.xctest */ = {isa = PBXFileReference; explicitFileType = wrapper.cfbundle; includeInIndex = 0; path = RockFolioTests.xctest; sourceTree = BUILT_PRODUCTS_DIR; };
		970C7BD2191FDD8000441833 /* XCTest.framework */ = {isa = PBXFileReference; lastKnownFileType = wrapper.framework; name = XCTest.framework; path = Library/Frameworks/XCTest.framework; sourceTree = DEVELOPER_DIR; };
		970C7BDA191FDD8000441833 /* RockFolioTests-Info.plist */ = {isa = PBXFileReference; lastKnownFileType = text.plist.xml; path = "RockFolioTests-Info.plist"; sourceTree = "<group>"; };
		970C7BDC191FDD8000441833 /* en */ = {isa = PBXFileReference; lastKnownFileType = text.plist.strings; name = en; path = en.lproj/InfoPlist.strings; sourceTree = "<group>"; };
		970C7BDE191FDD8000441833 /* RockFolioTests.m */ = {isa = PBXFileReference; lastKnownFileType = sourcecode.c.objc; path = RockFolioTests.m; sourceTree = "<group>"; };
/* End PBXFileReference section */

/* Begin PBXFrameworksBuildPhase section */
		970C7BAD191FDD7F00441833 /* Frameworks */ = {
			isa = PBXFrameworksBuildPhase;
			buildActionMask = 2147483647;
			files = (
				970C7BB6191FDD8000441833 /* CoreGraphics.framework in Frameworks */,
				970C7BB8191FDD8000441833 /* UIKit.framework in Frameworks */,
				970C7BB4191FDD8000441833 /* Foundation.framework in Frameworks */,
			);
			runOnlyForDeploymentPostprocessing = 0;
		};
		970C7BCE191FDD8000441833 /* Frameworks */ = {
			isa = PBXFrameworksBuildPhase;
			buildActionMask = 2147483647;
			files = (
				970C7BD3191FDD8000441833 /* XCTest.framework in Frameworks */,
				970C7BD5191FDD8000441833 /* UIKit.framework in Frameworks */,
				970C7BD4191FDD8000441833 /* Foundation.framework in Frameworks */,
			);
			runOnlyForDeploymentPostprocessing = 0;
		};
/* End PBXFrameworksBuildPhase section */

/* Begin PBXGroup section */
		970C7BA7191FDD7F00441833 = {
			isa = PBXGroup;
			children = (
				970C7BB9191FDD8000441833 /* RockFolio */,
				970C7BD8191FDD8000441833 /* RockFolioTests */,
				970C7BB2191FDD8000441833 /* Frameworks */,
				970C7BB1191FDD8000441833 /* Products */,
			);
			sourceTree = "<group>";
		};
		970C7BB1191FDD8000441833 /* Products */ = {
			isa = PBXGroup;
			children = (
				970C7BB0191FDD8000441833 /* RockFolio.app */,
				970C7BD1191FDD8000441833 /* RockFolioTests.xctest */,
			);
			name = Products;
			sourceTree = "<group>";
		};
		970C7BB2191FDD8000441833 /* Frameworks */ = {
			isa = PBXGroup;
			children = (
				970C7BB3191FDD8000441833 /* Foundation.framework */,
				970C7BB5191FDD8000441833 /* CoreGraphics.framework */,
				970C7BB7191FDD8000441833 /* UIKit.framework */,
				970C7BD2191FDD8000441833 /* XCTest.framework */,
			);
			name = Frameworks;
			sourceTree = "<group>";
		};
		970C7BB9191FDD8000441833 /* RockFolio */ = {
			isa = PBXGroup;
			children = (
				970C7BC2191FDD8000441833 /* AppDelegate.h */,
				970C7BC3191FDD8000441833 /* AppDelegate.m */,
				970C7BC5191FDD8000441833 /* Main.storyboard */,
				970C7BC8191FDD8000441833 /* ViewController.h */,
				970C7BC9191FDD8000441833 /* ViewController.m */,
				970C7BCB191FDD8000441833 /* Images.xcassets */,
				970C7BBA191FDD8000441833 /* Supporting Files */,
			);
			path = RockFolio;
			sourceTree = "<group>";
		};
		970C7BBA191FDD8000441833 /* Supporting Files */ = {
			isa = PBXGroup;
			children = (
				970C7BBB191FDD8000441833 /* RockFolio-Info.plist */,
				970C7BBC191FDD8000441833 /* InfoPlist.strings */,
				970C7BBF191FDD8000441833 /* main.m */,
				970C7BC1191FDD8000441833 /* RockFolio-Prefix.pch */,
			);
			name = "Supporting Files";
			sourceTree = "<group>";
		};
		970C7BD8191FDD8000441833 /* RockFolioTests */ = {
			isa = PBXGroup;
			children = (
				970C7BDE191FDD8000441833 /* RockFolioTests.m */,
				970C7BD9191FDD8000441833 /* Supporting Files */,
			);
			path = RockFolioTests;
			sourceTree = "<group>";
		};
		970C7BD9191FDD8000441833 /* Supporting Files */ = {
			isa = PBXGroup;
			children = (
				970C7BDA191FDD8000441833 /* RockFolioTests-Info.plist */,
				970C7BDB191FDD8000441833 /* InfoPlist.strings */,
			);
			name = "Supporting Files";
			sourceTree = "<group>";
		};
/* End PBXGroup section */

/* Begin PBXNativeTarget section */
		970C7BAF191FDD7F00441833 /* RockFolio */ = {
			isa = PBXNativeTarget;
			buildConfigurationList = 970C7BE2191FDD8000441833 /* Build configuration list for PBXNativeTarget "RockFolio" */;
			buildPhases = (
				970C7BAC191FDD7F00441833 /* Sources */,
				970C7BAD191FDD7F00441833 /* Frameworks */,
				970C7BAE191FDD7F00441833 /* Resources */,
			);
			buildRules = (
			);
			dependencies = (
			);
			name = RockFolio;
			productName = RockFolio;
			productReference = 970C7BB0191FDD8000441833 /* RockFolio.app */;
			productType = "com.apple.product-type.application";
		};
		970C7BD0191FDD8000441833 /* RockFolioTests */ = {
			isa = PBXNativeTarget;
			buildConfigurationList = 970C7BE5191FDD8000441833 /* Build configuration list for PBXNativeTarget "RockFolioTests" */;
			buildPhases = (
				970C7BCD191FDD8000441833 /* Sources */,
				970C7BCE191FDD8000441833 /* Frameworks */,
				970C7BCF191FDD8000441833 /* Resources */,
			);
			buildRules = (
			);
			dependencies = (
				970C7BD7191FDD8000441833 /* PBXTargetDependency */,
			);
			name = RockFolioTests;
			productName = RockFolioTests;
			productReference = 970C7BD1191FDD8000441833 /* RockFolioTests.xctest */;
			productType = "com.apple.product-type.bundle.unit-test";
		};
/* End PBXNativeTarget section */

/* Begin PBXProject section */
		970C7BA8191FDD7F00441833 /* Project object */ = {
			isa = PBXProject;
			attributes = {
				LastUpgradeCheck = 0510;
				ORGANIZATIONNAME = "Caroline Van Velthoven";
				TargetAttributes = {
					970C7BD0191FDD8000441833 = {
						TestTargetID = 970C7BAF191FDD7F00441833;
					};
				};
			};
			buildConfigurationList = 970C7BAB191FDD7F00441833 /* Build configuration list for PBXProject "RockFolio" */;
			compatibilityVersion = "Xcode 3.2";
			developmentRegion = English;
			hasScannedForEncodings = 0;
			knownRegions = (
				en,
				Base,
			);
			mainGroup = 970C7BA7191FDD7F00441833;
			productRefGroup = 970C7BB1191FDD8000441833 /* Products */;
			projectDirPath = "";
			projectRoot = "";
			targets = (
				970C7BAF191FDD7F00441833 /* RockFolio */,
				970C7BD0191FDD8000441833 /* RockFolioTests */,
			);
		};
/* End PBXProject section */

/* Begin PBXResourcesBuildPhase section */
		970C7BAE191FDD7F00441833 /* Resources */ = {
			isa = PBXResourcesBuildPhase;
			buildActionMask = 2147483647;
			files = (
				970C7BCC191FDD8000441833 /* Images.xcassets in Resources */,
				970C7BBE191FDD8000441833 /* InfoPlist.strings in Resources */,
				970C7BC7191FDD8000441833 /* Main.storyboard in Resources */,
			);
			runOnlyForDeploymentPostprocessing = 0;
		};
		970C7BCF191FDD8000441833 /* Resources */ = {
			isa = PBXResourcesBuildPhase;
			buildActionMask = 2147483647;
			files = (
				970C7BDD191FDD8000441833 /* InfoPlist.strings in Resources */,
			);
			runOnlyForDeploymentPostprocessing = 0;
		};
/* End PBXResourcesBuildPhase section */

/* Begin PBXSourcesBuildPhase section */
		970C7BAC191FDD7F00441833 /* Sources */ = {
			isa = PBXSourcesBuildPhase;
			buildActionMask = 2147483647;
			files = (
				970C7BCA191FDD8000441833 /* ViewController.m in Sources */,
				970C7BC4191FDD8000441833 /* AppDelegate.m in Sources */,
				970C7BC0191FDD8000441833 /* main.m in Sources */,
			);
			runOnlyForDeploymentPostprocessing = 0;
		};
		970C7BCD191FDD8000441833 /* Sources */ = {
			isa = PBXSourcesBuildPhase;
			buildActionMask = 2147483647;
			files = (
				970C7BDF191FDD8000441833 /* RockFolioTests.m in Sources */,
			);
			runOnlyForDeploymentPostprocessing = 0;
		};
/* End PBXSourcesBuildPhase section */

/* Begin PBXTargetDependency section */
		970C7BD7191FDD8000441833 /* PBXTargetDependency */ = {
			isa = PBXTargetDependency;
			target = 970C7BAF191FDD7F00441833 /* RockFolio */;
			targetProxy = 970C7BD6191FDD8000441833 /* PBXContainerItemProxy */;
		};
/* End PBXTargetDependency section */

/* Begin PBXVariantGroup section */
		970C7BBC191FDD8000441833 /* InfoPlist.strings */ = {
			isa = PBXVariantGroup;
			children = (
				970C7BBD191FDD8000441833 /* en */,
			);
			name = InfoPlist.strings;
			sourceTree = "<group>";
		};
		970C7BC5191FDD8000441833 /* Main.storyboard */ = {
			isa = PBXVariantGroup;
			children = (
				970C7BC6191FDD8000441833 /* Base */,
			);
			name = Main.storyboard;
			sourceTree = "<group>";
		};
		970C7BDB191FDD8000441833 /* InfoPlist.strings */ = {
			isa = PBXVariantGroup;
			children = (
				970C7BDC191FDD8000441833 /* en */,
			);
			name = InfoPlist.strings;
			sourceTree = "<group>";
		};
/* End PBXVariantGroup section */

/* Begin XCBuildConfiguration section */
		970C7BE0191FDD8000441833 /* Debug */ = {
			isa = XCBuildConfiguration;
			buildSettings = {
				ALWAYS_SEARCH_USER_PATHS = NO;
				CLANG_CXX_LANGUAGE_STANDARD = "gnu++0x";
				CLANG_CXX_LIBRARY = "libc++";
				CLANG_ENABLE_MODULES = YES;
				CLANG_ENABLE_OBJC_ARC = YES;
				CLANG_WARN_BOOL_CONVERSION = YES;
				CLANG_WARN_CONSTANT_CONVERSION = YES;
				CLANG_WARN_DIRECT_OBJC_ISA_USAGE = YES_ERROR;
				CLANG_WARN_EMPTY_BODY = YES;
				CLANG_WARN_ENUM_CONVERSION = YES;
				CLANG_WARN_INT_CONVERSION = YES;
				CLANG_WARN_OBJC_ROOT_CLASS = YES_ERROR;
				CLANG_WARN__DUPLICATE_METHOD_MATCH = YES;
				"CODE_SIGN_IDENTITY[sdk=iphoneos*]" = "iPhone Developer";
				COPY_PHASE_STRIP = NO;
				GCC_C_LANGUAGE_STANDARD = gnu99;
				GCC_DYNAMIC_NO_PIC = NO;
				GCC_OPTIMIZATION_LEVEL = 0;
				GCC_PREPROCESSOR_DEFINITIONS = (
					"DEBUG=1",
					"$(inherited)",
				);
				GCC_SYMBOLS_PRIVATE_EXTERN = NO;
				GCC_WARN_64_TO_32_BIT_CONVERSION = YES;
				GCC_WARN_ABOUT_RETURN_TYPE = YES_ERROR;
				GCC_WARN_UNDECLARED_SELECTOR = YES;
				GCC_WARN_UNINITIALIZED_AUTOS = YES_AGGRESSIVE;
				GCC_WARN_UNUSED_FUNCTION = YES;
				GCC_WARN_UNUSED_VARIABLE = YES;
				IPHONEOS_DEPLOYMENT_TARGET = 7.1;
				ONLY_ACTIVE_ARCH = YES;
				SDKROOT = iphoneos;
			};
			name = Debug;
		};
		970C7BE1191FDD8000441833 /* Release */ = {
			isa = XCBuildConfiguration;
			buildSettings = {
				ALWAYS_SEARCH_USER_PATHS = NO;
				CLANG_CXX_LANGUAGE_STANDARD = "gnu++0x";
				CLANG_CXX_LIBRARY = "libc++";
				CLANG_ENABLE_MODULES = YES;
				CLANG_ENABLE_OBJC_ARC = YES;
				CLANG_WARN_BOOL_CONVERSION = YES;
				CLANG_WARN_CONSTANT_CONVERSION = YES;
				CLANG_WARN_DIRECT_OBJC_ISA_USAGE = YES_ERROR;
				CLANG_WARN_EMPTY_BODY = YES;
				CLANG_WARN_ENUM_CONVERSION = YES;
				CLANG_WARN_INT_CONVERSION = YES;
				CLANG_WARN_OBJC_ROOT_CLASS = YES_ERROR;
				CLANG_WARN__DUPLICATE_METHOD_MATCH = YES;
				"CODE_SIGN_IDENTITY[sdk=iphoneos*]" = "iPhone Developer";
				COPY_PHASE_STRIP = YES;
				ENABLE_NS_ASSERTIONS = NO;
				GCC_C_LANGUAGE_STANDARD = gnu99;
				GCC_WARN_64_TO_32_BIT_CONVERSION = YES;
				GCC_WARN_ABOUT_RETURN_TYPE = YES_ERROR;
				GCC_WARN_UNDECLARED_SELECTOR = YES;
				GCC_WARN_UNINITIALIZED_AUTOS = YES_AGGRESSIVE;
				GCC_WARN_UNUSED_FUNCTION = YES;
				GCC_WARN_UNUSED_VARIABLE = YES;
				IPHONEOS_DEPLOYMENT_TARGET = 7.1;
				SDKROOT = iphoneos;
				VALIDATE_PRODUCT = YES;
			};
			name = Release;
		};
		970C7BE3191FDD8000441833 /* Debug */ = {
			isa = XCBuildConfiguration;
			buildSettings = {
				ASSETCATALOG_COMPILER_APPICON_NAME = AppIcon;
				ASSETCATALOG_COMPILER_LAUNCHIMAGE_NAME = LaunchImage;
				GCC_PRECOMPILE_PREFIX_HEADER = YES;
				GCC_PREFIX_HEADER = "RockFolio/RockFolio-Prefix.pch";
				INFOPLIST_FILE = "RockFolio/RockFolio-Info.plist";
				PRODUCT_NAME = "$(TARGET_NAME)";
				WRAPPER_EXTENSION = app;
			};
			name = Debug;
		};
		970C7BE4191FDD8000441833 /* Release */ = {
			isa = XCBuildConfiguration;
			buildSettings = {
				ASSETCATALOG_COMPILER_APPICON_NAME = AppIcon;
				ASSETCATALOG_COMPILER_LAUNCHIMAGE_NAME = LaunchImage;
				GCC_PRECOMPILE_PREFIX_HEADER = YES;
				GCC_PREFIX_HEADER = "RockFolio/RockFolio-Prefix.pch";
				INFOPLIST_FILE = "RockFolio/RockFolio-Info.plist";
				PRODUCT_NAME = "$(TARGET_NAME)";
				WRAPPER_EXTENSION = app;
			};
			name = Release;
		};
		970C7BE6191FDD8000441833 /* Debug */ = {
			isa = XCBuildConfiguration;
			buildSettings = {
				BUNDLE_LOADER = "$(BUILT_PRODUCTS_DIR)/RockFolio.app/RockFolio";
				FRAMEWORK_SEARCH_PATHS = (
					"$(SDKROOT)/Developer/Library/Frameworks",
					"$(inherited)",
					"$(DEVELOPER_FRAMEWORKS_DIR)",
				);
				GCC_PRECOMPILE_PREFIX_HEADER = YES;
				GCC_PREFIX_HEADER = "RockFolio/RockFolio-Prefix.pch";
				GCC_PREPROCESSOR_DEFINITIONS = (
					"DEBUG=1",
					"$(inherited)",
				);
				INFOPLIST_FILE = "RockFolioTests/RockFolioTests-Info.plist";
				PRODUCT_NAME = "$(TARGET_NAME)";
				TEST_HOST = "$(BUNDLE_LOADER)";
				WRAPPER_EXTENSION = xctest;
			};
			name = Debug;
		};
		970C7BE7191FDD8000441833 /* Release */ = {
			isa = XCBuildConfiguration;
			buildSettings = {
				BUNDLE_LOADER = "$(BUILT_PRODUCTS_DIR)/RockFolio.app/RockFolio";
				FRAMEWORK_SEARCH_PATHS = (
					"$(SDKROOT)/Developer/Library/Frameworks",
					"$(inherited)",
					"$(DEVELOPER_FRAMEWORKS_DIR)",
				);
				GCC_PRECOMPILE_PREFIX_HEADER = YES;
				GCC_PREFIX_HEADER = "RockFolio/RockFolio-Prefix.pch";
				INFOPLIST_FILE = "RockFolioTests/RockFolioTests-Info.plist";
				PRODUCT_NAME = "$(TARGET_NAME)";
				TEST_HOST = "$(BUNDLE_LOADER)";
				WRAPPER_EXTENSION = xctest;
			};
			name = Release;
		};
/* End XCBuildConfiguration section */

/* Begin XCConfigurationList section */
		970C7BAB191FDD7F00441833 /* Build configuration list for PBXProject "RockFolio" */ = {
			isa = XCConfigurationList;
			buildConfigurations = (
				970C7BE0191FDD8000441833 /* Debug */,
				970C7BE1191FDD8000441833 /* Release */,
			);
			defaultConfigurationIsVisible = 0;
			defaultConfigurationName = Release;
		};
		970C7BE2191FDD8000441833 /* Build configuration list for PBXNativeTarget "RockFolio" */ = {
			isa = XCConfigurationList;
			buildConfigurations = (
				970C7BE3191FDD8000441833 /* Debug */,
				970C7BE4191FDD8000441833 /* Release */,
			);
			defaultConfigurationIsVisible = 0;
		};
		970C7BE5191FDD8000441833 /* Build configuration list for PBXNativeTarget "RockFolioTests" */ = {
			isa = XCConfigurationList;
			buildConfigurations = (
				970C7BE6191FDD8000441833 /* Debug */,
				970C7BE7191FDD8000441833 /* Release */,
			);
			defaultConfigurationIsVisible = 0;
		};
/* End XCConfigurationList section */
	};
	rootObject = 970C7BA8191FDD7F00441833 /* Project object */;
}
