// !$*UTF8*$!
{
	archiveVersion = 1;
	classes = {
	};
	objectVersion = 46;
	objects = {

/* Begin PBXBuildFile section */
		970C7BB4191FDD8000441833 /* Foundation.framework in Frameworks */ = {isa = PBXBuildFile; fileRef = 970C7BB3191FDD8000441833 /* Foundation.framework */; };
		970C7BB6191FDD8000441833 /* CoreGraphics.framework in Frameworks */ = {isa = PBXBuildFile; fileRef = 970C7BB5191FDD8000441833 /* CoreGraphics.framework */; };
		970C7BB8191FDD8000441833 /* UIKit.framework in Frameworks */ = {isa = PBXBuildFile; fileRef = 970C7BB7191FDD8000441833 /* UIKit.framework */; };
		970C7BBE191FDD8000441833 /* InfoPlist.strings in Resources */ = {isa = PBXBuildFile; fileRef = 970C7BBC191FDD8000441833 /* InfoPlist.strings */; };
		970C7BC0191FDD8000441833 /* main.m in Sources */ = {isa = PBXBuildFile; fileRef = 970C7BBF191FDD8000441833 /* main.m */; };
		970C7BC4191FDD8000441833 /* AppDelegate.m in Sources */ = {isa = PBXBuildFile; fileRef = 970C7BC3191FDD8000441833 /* AppDelegate.m */; };
		970C7BC7191FDD8000441833 /* Main.storyboard in Resources */ = {isa = PBXBuildFile; fileRef = 970C7BC5191FDD8000441833 /* Main.storyboard */; };
		970C7BCC191FDD8000441833 /* Images.xcassets in Resources */ = {isa = PBXBuildFile; fileRef = 970C7BCB191FDD8000441833 /* Images.xcassets */; };
		970C7BD3191FDD8000441833 /* XCTest.framework in Frameworks */ = {isa = PBXBuildFile; fileRef = 970C7BD2191FDD8000441833 /* XCTest.framework */; };
		970C7BD4191FDD8000441833 /* Foundation.framework in Frameworks */ = {isa = PBXBuildFile; fileRef = 970C7BB3191FDD8000441833 /* Foundation.framework */; };
		970C7BD5191FDD8000441833 /* UIKit.framework in Frameworks */ = {isa = PBXBuildFile; fileRef = 970C7BB7191FDD8000441833 /* UIKit.framework */; };
		970C7BDD191FDD8000441833 /* InfoPlist.strings in Resources */ = {isa = PBXBuildFile; fileRef = 970C7BDB191FDD8000441833 /* InfoPlist.strings */; };
		970C7BDF191FDD8000441833 /* RockFolioTests.m in Sources */ = {isa = PBXBuildFile; fileRef = 970C7BDE191FDD8000441833 /* RockFolioTests.m */; };
		970C7BF1191FE0BF00441833 /* SWRevealViewController.m in Sources */ = {isa = PBXBuildFile; fileRef = 970C7BF0191FE0BF00441833 /* SWRevealViewController.m */; };
		970C7BF5191FE23B00441833 /* HomeViewController.m in Sources */ = {isa = PBXBuildFile; fileRef = 970C7BF4191FE23B00441833 /* HomeViewController.m */; };
		970C7BFE191FE28000441833 /* VenuesViewController.m in Sources */ = {isa = PBXBuildFile; fileRef = 970C7BFD191FE28000441833 /* VenuesViewController.m */; };
		970C7C01191FE29000441833 /* MenuViewController.m in Sources */ = {isa = PBXBuildFile; fileRef = 970C7C00191FE29000441833 /* MenuViewController.m */; };
		970C7C04191FE2AA00441833 /* AboutViewController.m in Sources */ = {isa = PBXBuildFile; fileRef = 970C7C03191FE2AA00441833 /* AboutViewController.m */; };
		970C7C0B191FEE7D00441833 /* FotoViewController.m in Sources */ = {isa = PBXBuildFile; fileRef = 970C7C0A191FEE7D00441833 /* FotoViewController.m */; };
		970C7C0E191FFB2F00441833 /* MenuModel.m in Sources */ = {isa = PBXBuildFile; fileRef = 970C7C0D191FFB2F00441833 /* MenuModel.m */; };
		970C7C11191FFDD800441833 /* MenuItem.m in Sources */ = {isa = PBXBuildFile; fileRef = 970C7C10191FFDD800441833 /* MenuItem.m */; };
		97BFF0EC1925263D003FAF37 /* TrixViewController.m in Sources */ = {isa = PBXBuildFile; fileRef = 97BFF0EB1925263D003FAF37 /* TrixViewController.m */; };
		97BFF0EF19252667003FAF37 /* PetrolViewController.m in Sources */ = {isa = PBXBuildFile; fileRef = 97BFF0EE19252667003FAF37 /* PetrolViewController.m */; };
		97BFF0F219252677003FAF37 /* ArenbergViewController.m in Sources */ = {isa = PBXBuildFile; fileRef = 97BFF0F119252677003FAF37 /* ArenbergViewController.m */; };
		97BFF0F519252686003FAF37 /* ABViewController.m in Sources */ = {isa = PBXBuildFile; fileRef = 97BFF0F419252685003FAF37 /* ABViewController.m */; };
		97BFF0F8192526F2003FAF37 /* RataplanViewController.m in Sources */ = {isa = PBXBuildFile; fileRef = 97BFF0F7192526F2003FAF37 /* RataplanViewController.m */; };
		97BFF108192694DF003FAF37 /* Okon&TheMovementViewController.m in Sources */ = {isa = PBXBuildFile; fileRef = 97BFF107192694DF003FAF37 /* Okon&TheMovementViewController.m */; };
		97BFF10B19269501003FAF37 /* DeBerenGierenViewController.m in Sources */ = {isa = PBXBuildFile; fileRef = 97BFF10A19269501003FAF37 /* DeBerenGierenViewController.m */; };
		97BFF10E19269518003FAF37 /* ReutRegevViewController.m in Sources */ = {isa = PBXBuildFile; fileRef = 97BFF10D19269518003FAF37 /* ReutRegevViewController.m */; };
		97BFF1111926952A003FAF37 /* ReenaRiotViewController.m in Sources */ = {isa = PBXBuildFile; fileRef = 97BFF1101926952A003FAF37 /* ReenaRiotViewController.m */; };
		97BFF1141926953F003FAF37 /* OthinSpakeViewController.m in Sources */ = {isa = PBXBuildFile; fileRef = 97BFF1131926953F003FAF37 /* OthinSpakeViewController.m */; };
		97BFF11719269552003FAF37 /* Victor&TheBloodViewController.m in Sources */ = {isa = PBXBuildFile; fileRef = 97BFF11619269552003FAF37 /* Victor&TheBloodViewController.m */; };
		97BFF11A1926956B003FAF37 /* TheSoundsViewController.m in Sources */ = {isa = PBXBuildFile; fileRef = 97BFF1191926956B003FAF37 /* TheSoundsViewController.m */; };
		97BFF11D19269585003FAF37 /* DeJeugdVanTegenwoordigViewController.m in Sources */ = {isa = PBXBuildFile; fileRef = 97BFF11C19269585003FAF37 /* DeJeugdVanTegenwoordigViewController.m */; };
		97BFF120192695A1003FAF37 /* IntergalacticLoversViewController.m in Sources */ = {isa = PBXBuildFile; fileRef = 97BFF11F192695A1003FAF37 /* IntergalacticLoversViewController.m */; };
		97BFF123192695B4003FAF37 /* TheSubsViewController.m in Sources */ = {isa = PBXBuildFile; fileRef = 97BFF122192695B4003FAF37 /* TheSubsViewController.m */; };
		97BFF126192695C1003FAF37 /* MarbleSoundsViewController.m in Sources */ = {isa = PBXBuildFile; fileRef = 97BFF125192695C1003FAF37 /* MarbleSoundsViewController.m */; };
/* End PBXBuildFile section */

/* Begin PBXContainerItemProxy section */
		970C7BD6191FDD8000441833 /* PBXContainerItemProxy */ = {
			isa = PBXContainerItemProxy;
			containerPortal = 970C7BA8191FDD7F00441833 /* Project object */;
			proxyType = 1;
			remoteGlobalIDString = 970C7BAF191FDD7F00441833;
			remoteInfo = RockFolio;
		};
/* End PBXContainerItemProxy section */

/* Begin PBXFileReference section */
		970C7BB0191FDD8000441833 /* RockFolio.app */ = {isa = PBXFileReference; explicitFileType = wrapper.application; includeInIndex = 0; path = RockFolio.app; sourceTree = BUILT_PRODUCTS_DIR; };
		970C7BB3191FDD8000441833 /* Foundation.framework */ = {isa = PBXFileReference; lastKnownFileType = wrapper.framework; name = Foundation.framework; path = System/Library/Frameworks/Foundation.framework; sourceTree = SDKROOT; };
		970C7BB5191FDD8000441833 /* CoreGraphics.framework */ = {isa = PBXFileReference; lastKnownFileType = wrapper.framework; name = CoreGraphics.framework; path = System/Library/Frameworks/CoreGraphics.framework; sourceTree = SDKROOT; };
		970C7BB7191FDD8000441833 /* UIKit.framework */ = {isa = PBXFileReference; lastKnownFileType = wrapper.framework; name = UIKit.framework; path = System/Library/Frameworks/UIKit.framework; sourceTree = SDKROOT; };
		970C7BBB191FDD8000441833 /* RockFolio-Info.plist */ = {isa = PBXFileReference; lastKnownFileType = text.plist.xml; path = "RockFolio-Info.plist"; sourceTree = "<group>"; };
		970C7BBD191FDD8000441833 /* en */ = {isa = PBXFileReference; lastKnownFileType = text.plist.strings; name = en; path = en.lproj/InfoPlist.strings; sourceTree = "<group>"; };
		970C7BBF191FDD8000441833 /* main.m */ = {isa = PBXFileReference; lastKnownFileType = sourcecode.c.objc; path = main.m; sourceTree = "<group>"; };
		970C7BC1191FDD8000441833 /* RockFolio-Prefix.pch */ = {isa = PBXFileReference; lastKnownFileType = sourcecode.c.h; path = "RockFolio-Prefix.pch"; sourceTree = "<group>"; };
		970C7BC2191FDD8000441833 /* AppDelegate.h */ = {isa = PBXFileReference; lastKnownFileType = sourcecode.c.h; path = AppDelegate.h; sourceTree = "<group>"; };
		970C7BC3191FDD8000441833 /* AppDelegate.m */ = {isa = PBXFileReference; lastKnownFileType = sourcecode.c.objc; path = AppDelegate.m; sourceTree = "<group>"; };
		970C7BC6191FDD8000441833 /* Base */ = {isa = PBXFileReference; lastKnownFileType = file.storyboard; name = Base; path = Base.lproj/Main.storyboard; sourceTree = "<group>"; };
		970C7BCB191FDD8000441833 /* Images.xcassets */ = {isa = PBXFileReference; lastKnownFileType = folder.assetcatalog; path = Images.xcassets; sourceTree = "<group>"; };
		970C7BD1191FDD8000441833 /* RockFolioTests.xctest */ = {isa = PBXFileReference; explicitFileType = wrapper.cfbundle; includeInIndex = 0; path = RockFolioTests.xctest; sourceTree = BUILT_PRODUCTS_DIR; };
		970C7BD2191FDD8000441833 /* XCTest.framework */ = {isa = PBXFileReference; lastKnownFileType = wrapper.framework; name = XCTest.framework; path = Library/Frameworks/XCTest.framework; sourceTree = DEVELOPER_DIR; };
		970C7BDA191FDD8000441833 /* RockFolioTests-Info.plist */ = {isa = PBXFileReference; lastKnownFileType = text.plist.xml; path = "RockFolioTests-Info.plist"; sourceTree = "<group>"; };
		970C7BDC191FDD8000441833 /* en */ = {isa = PBXFileReference; lastKnownFileType = text.plist.strings; name = en; path = en.lproj/InfoPlist.strings; sourceTree = "<group>"; };
		970C7BDE191FDD8000441833 /* RockFolioTests.m */ = {isa = PBXFileReference; lastKnownFileType = sourcecode.c.objc; path = RockFolioTests.m; sourceTree = "<group>"; };
		970C7BEF191FE0BF00441833 /* SWRevealViewController.h */ = {isa = PBXFileReference; fileEncoding = 4; lastKnownFileType = sourcecode.c.h; name = SWRevealViewController.h; path = RevealViewController/SWRevealViewController.h; sourceTree = "<group>"; };
		970C7BF0191FE0BF00441833 /* SWRevealViewController.m */ = {isa = PBXFileReference; fileEncoding = 4; lastKnownFileType = sourcecode.c.objc; name = SWRevealViewController.m; path = RevealViewController/SWRevealViewController.m; sourceTree = "<group>"; };
		970C7BF3191FE23B00441833 /* HomeViewController.h */ = {isa = PBXFileReference; fileEncoding = 4; lastKnownFileType = sourcecode.c.h; name = HomeViewController.h; path = Home/HomeViewController.h; sourceTree = "<group>"; };
		970C7BF4191FE23B00441833 /* HomeViewController.m */ = {isa = PBXFileReference; fileEncoding = 4; lastKnownFileType = sourcecode.c.objc; name = HomeViewController.m; path = Home/HomeViewController.m; sourceTree = "<group>"; };
		970C7BFC191FE28000441833 /* VenuesViewController.h */ = {isa = PBXFileReference; fileEncoding = 4; lastKnownFileType = sourcecode.c.h; name = VenuesViewController.h; path = Venues/VenuesViewController.h; sourceTree = "<group>"; };
		970C7BFD191FE28000441833 /* VenuesViewController.m */ = {isa = PBXFileReference; fileEncoding = 4; lastKnownFileType = sourcecode.c.objc; name = VenuesViewController.m; path = Venues/VenuesViewController.m; sourceTree = "<group>"; };
		970C7BFF191FE29000441833 /* MenuViewController.h */ = {isa = PBXFileReference; fileEncoding = 4; lastKnownFileType = sourcecode.c.h; name = MenuViewController.h; path = Menu/MenuViewController.h; sourceTree = "<group>"; };
		970C7C00191FE29000441833 /* MenuViewController.m */ = {isa = PBXFileReference; fileEncoding = 4; lastKnownFileType = sourcecode.c.objc; name = MenuViewController.m; path = Menu/MenuViewController.m; sourceTree = "<group>"; };
		970C7C02191FE2AA00441833 /* AboutViewController.h */ = {isa = PBXFileReference; fileEncoding = 4; lastKnownFileType = sourcecode.c.h; name = AboutViewController.h; path = About/AboutViewController.h; sourceTree = "<group>"; };
		970C7C03191FE2AA00441833 /* AboutViewController.m */ = {isa = PBXFileReference; fileEncoding = 4; lastKnownFileType = sourcecode.c.objc; name = AboutViewController.m; path = About/AboutViewController.m; sourceTree = "<group>"; };
		970C7C09191FEE7D00441833 /* FotoViewController.h */ = {isa = PBXFileReference; fileEncoding = 4; lastKnownFileType = sourcecode.c.h; name = FotoViewController.h; path = "Foto's/FotoViewController.h"; sourceTree = "<group>"; };
		970C7C0A191FEE7D00441833 /* FotoViewController.m */ = {isa = PBXFileReference; fileEncoding = 4; lastKnownFileType = sourcecode.c.objc; name = FotoViewController.m; path = "Foto's/FotoViewController.m"; sourceTree = "<group>"; };
		970C7C0C191FFB2F00441833 /* MenuModel.h */ = {isa = PBXFileReference; fileEncoding = 4; lastKnownFileType = sourcecode.c.h; name = MenuModel.h; path = Menu/MenuModel.h; sourceTree = "<group>"; };
		970C7C0D191FFB2F00441833 /* MenuModel.m */ = {isa = PBXFileReference; fileEncoding = 4; lastKnownFileType = sourcecode.c.objc; name = MenuModel.m; path = Menu/MenuModel.m; sourceTree = "<group>"; };
		970C7C0F191FFDD800441833 /* MenuItem.h */ = {isa = PBXFileReference; fileEncoding = 4; lastKnownFileType = sourcecode.c.h; name = MenuItem.h; path = Menu/MenuItem.h; sourceTree = "<group>"; };
		970C7C10191FFDD800441833 /* MenuItem.m */ = {isa = PBXFileReference; fileEncoding = 4; lastKnownFileType = sourcecode.c.objc; name = MenuItem.m; path = Menu/MenuItem.m; sourceTree = "<group>"; };
		97BFF0EA1925263D003FAF37 /* TrixViewController.h */ = {isa = PBXFileReference; fileEncoding = 4; lastKnownFileType = sourcecode.c.h; name = TrixViewController.h; path = Bands/TrixViewController.h; sourceTree = "<group>"; };
		97BFF0EB1925263D003FAF37 /* TrixViewController.m */ = {isa = PBXFileReference; fileEncoding = 4; lastKnownFileType = sourcecode.c.objc; name = TrixViewController.m; path = Bands/TrixViewController.m; sourceTree = "<group>"; };
		97BFF0ED19252667003FAF37 /* PetrolViewController.h */ = {isa = PBXFileReference; fileEncoding = 4; lastKnownFileType = sourcecode.c.h; name = PetrolViewController.h; path = Bands/PetrolViewController.h; sourceTree = "<group>"; };
		97BFF0EE19252667003FAF37 /* PetrolViewController.m */ = {isa = PBXFileReference; fileEncoding = 4; lastKnownFileType = sourcecode.c.objc; name = PetrolViewController.m; path = Bands/PetrolViewController.m; sourceTree = "<group>"; };
		97BFF0F019252677003FAF37 /* ArenbergViewController.h */ = {isa = PBXFileReference; fileEncoding = 4; lastKnownFileType = sourcecode.c.h; name = ArenbergViewController.h; path = Bands/ArenbergViewController.h; sourceTree = "<group>"; };
		97BFF0F119252677003FAF37 /* ArenbergViewController.m */ = {isa = PBXFileReference; fileEncoding = 4; lastKnownFileType = sourcecode.c.objc; name = ArenbergViewController.m; path = Bands/ArenbergViewController.m; sourceTree = "<group>"; };
		97BFF0F319252685003FAF37 /* ABViewController.h */ = {isa = PBXFileReference; fileEncoding = 4; lastKnownFileType = sourcecode.c.h; name = ABViewController.h; path = Bands/ABViewController.h; sourceTree = "<group>"; };
		97BFF0F419252685003FAF37 /* ABViewController.m */ = {isa = PBXFileReference; fileEncoding = 4; lastKnownFileType = sourcecode.c.objc; name = ABViewController.m; path = Bands/ABViewController.m; sourceTree = "<group>"; };
		97BFF0F6192526F2003FAF37 /* RataplanViewController.h */ = {isa = PBXFileReference; fileEncoding = 4; lastKnownFileType = sourcecode.c.h; name = RataplanViewController.h; path = Bands/RataplanViewController.h; sourceTree = "<group>"; };
		97BFF0F7192526F2003FAF37 /* RataplanViewController.m */ = {isa = PBXFileReference; fileEncoding = 4; lastKnownFileType = sourcecode.c.objc; name = RataplanViewController.m; path = Bands/RataplanViewController.m; sourceTree = "<group>"; };
		97BFF106192694DF003FAF37 /* Okon&TheMovementViewController.h */ = {isa = PBXFileReference; fileEncoding = 4; lastKnownFileType = sourcecode.c.h; name = "Okon&TheMovementViewController.h"; path = "Band/Okon&TheMovementViewController.h"; sourceTree = "<group>"; };
		97BFF107192694DF003FAF37 /* Okon&TheMovementViewController.m */ = {isa = PBXFileReference; fileEncoding = 4; lastKnownFileType = sourcecode.c.objc; name = "Okon&TheMovementViewController.m"; path = "Band/Okon&TheMovementViewController.m"; sourceTree = "<group>"; };
		97BFF10919269501003FAF37 /* DeBerenGierenViewController.h */ = {isa = PBXFileReference; fileEncoding = 4; lastKnownFileType = sourcecode.c.h; name = DeBerenGierenViewController.h; path = Band/DeBerenGierenViewController.h; sourceTree = "<group>"; };
		97BFF10A19269501003FAF37 /* DeBerenGierenViewController.m */ = {isa = PBXFileReference; fileEncoding = 4; lastKnownFileType = sourcecode.c.objc; name = DeBerenGierenViewController.m; path = Band/DeBerenGierenViewController.m; sourceTree = "<group>"; };
		97BFF10C19269518003FAF37 /* ReutRegevViewController.h */ = {isa = PBXFileReference; fileEncoding = 4; lastKnownFileType = sourcecode.c.h; name = ReutRegevViewController.h; path = Band/ReutRegevViewController.h; sourceTree = "<group>"; };
		97BFF10D19269518003FAF37 /* ReutRegevViewController.m */ = {isa = PBXFileReference; fileEncoding = 4; lastKnownFileType = sourcecode.c.objc; name = ReutRegevViewController.m; path = Band/ReutRegevViewController.m; sourceTree = "<group>"; };
		97BFF10F1926952A003FAF37 /* ReenaRiotViewController.h */ = {isa = PBXFileReference; fileEncoding = 4; lastKnownFileType = sourcecode.c.h; name = ReenaRiotViewController.h; path = Band/ReenaRiotViewController.h; sourceTree = "<group>"; };
		97BFF1101926952A003FAF37 /* ReenaRiotViewController.m */ = {isa = PBXFileReference; fileEncoding = 4; lastKnownFileType = sourcecode.c.objc; name = ReenaRiotViewController.m; path = Band/ReenaRiotViewController.m; sourceTree = "<group>"; };
		97BFF1121926953F003FAF37 /* OthinSpakeViewController.h */ = {isa = PBXFileReference; fileEncoding = 4; lastKnownFileType = sourcecode.c.h; name = OthinSpakeViewController.h; path = Band/OthinSpakeViewController.h; sourceTree = "<group>"; };
		97BFF1131926953F003FAF37 /* OthinSpakeViewController.m */ = {isa = PBXFileReference; fileEncoding = 4; lastKnownFileType = sourcecode.c.objc; name = OthinSpakeViewController.m; path = Band/OthinSpakeViewController.m; sourceTree = "<group>"; };
		97BFF11519269552003FAF37 /* Victor&TheBloodViewController.h */ = {isa = PBXFileReference; fileEncoding = 4; lastKnownFileType = sourcecode.c.h; name = "Victor&TheBloodViewController.h"; path = "Band/Victor&TheBloodViewController.h"; sourceTree = "<group>"; };
		97BFF11619269552003FAF37 /* Victor&TheBloodViewController.m */ = {isa = PBXFileReference; fileEncoding = 4; lastKnownFileType = sourcecode.c.objc; name = "Victor&TheBloodViewController.m"; path = "Band/Victor&TheBloodViewController.m"; sourceTree = "<group>"; };
		97BFF1181926956B003FAF37 /* TheSoundsViewController.h */ = {isa = PBXFileReference; fileEncoding = 4; lastKnownFileType = sourcecode.c.h; name = TheSoundsViewController.h; path = Band/TheSoundsViewController.h; sourceTree = "<group>"; };
		97BFF1191926956B003FAF37 /* TheSoundsViewController.m */ = {isa = PBXFileReference; fileEncoding = 4; lastKnownFileType = sourcecode.c.objc; name = TheSoundsViewController.m; path = Band/TheSoundsViewController.m; sourceTree = "<group>"; };
		97BFF11B19269585003FAF37 /* DeJeugdVanTegenwoordigViewController.h */ = {isa = PBXFileReference; fileEncoding = 4; lastKnownFileType = sourcecode.c.h; name = DeJeugdVanTegenwoordigViewController.h; path = Band/DeJeugdVanTegenwoordigViewController.h; sourceTree = "<group>"; };
		97BFF11C19269585003FAF37 /* DeJeugdVanTegenwoordigViewController.m */ = {isa = PBXFileReference; fileEncoding = 4; lastKnownFileType = sourcecode.c.objc; name = DeJeugdVanTegenwoordigViewController.m; path = Band/DeJeugdVanTegenwoordigViewController.m; sourceTree = "<group>"; };
		97BFF11E192695A1003FAF37 /* IntergalacticLoversViewController.h */ = {isa = PBXFileReference; fileEncoding = 4; lastKnownFileType = sourcecode.c.h; name = IntergalacticLoversViewController.h; path = Band/IntergalacticLoversViewController.h; sourceTree = "<group>"; };
		97BFF11F192695A1003FAF37 /* IntergalacticLoversViewController.m */ = {isa = PBXFileReference; fileEncoding = 4; lastKnownFileType = sourcecode.c.objc; name = IntergalacticLoversViewController.m; path = Band/IntergalacticLoversViewController.m; sourceTree = "<group>"; };
		97BFF121192695B4003FAF37 /* TheSubsViewController.h */ = {isa = PBXFileReference; fileEncoding = 4; lastKnownFileType = sourcecode.c.h; name = TheSubsViewController.h; path = Band/TheSubsViewController.h; sourceTree = "<group>"; };
		97BFF122192695B4003FAF37 /* TheSubsViewController.m */ = {isa = PBXFileReference; fileEncoding = 4; lastKnownFileType = sourcecode.c.objc; name = TheSubsViewController.m; path = Band/TheSubsViewController.m; sourceTree = "<group>"; };
		97BFF124192695C1003FAF37 /* MarbleSoundsViewController.h */ = {isa = PBXFileReference; fileEncoding = 4; lastKnownFileType = sourcecode.c.h; name = MarbleSoundsViewController.h; path = Band/MarbleSoundsViewController.h; sourceTree = "<group>"; };
		97BFF125192695C1003FAF37 /* MarbleSoundsViewController.m */ = {isa = PBXFileReference; fileEncoding = 4; lastKnownFileType = sourcecode.c.objc; name = MarbleSoundsViewController.m; path = Band/MarbleSoundsViewController.m; sourceTree = "<group>"; };
/* End PBXFileReference section */

/* Begin PBXFrameworksBuildPhase section */
		970C7BAD191FDD7F00441833 /* Frameworks */ = {
			isa = PBXFrameworksBuildPhase;
			buildActionMask = 2147483647;
			files = (
				970C7BB6191FDD8000441833 /* CoreGraphics.framework in Frameworks */,
				970C7BB8191FDD8000441833 /* UIKit.framework in Frameworks */,
				970C7BB4191FDD8000441833 /* Foundation.framework in Frameworks */,
			);
			runOnlyForDeploymentPostprocessing = 0;
		};
		970C7BCE191FDD8000441833 /* Frameworks */ = {
			isa = PBXFrameworksBuildPhase;
			buildActionMask = 2147483647;
			files = (
				970C7BD3191FDD8000441833 /* XCTest.framework in Frameworks */,
				970C7BD5191FDD8000441833 /* UIKit.framework in Frameworks */,
				970C7BD4191FDD8000441833 /* Foundation.framework in Frameworks */,
			);
			runOnlyForDeploymentPostprocessing = 0;
		};
/* End PBXFrameworksBuildPhase section */

/* Begin PBXGroup section */
		970C7BA7191FDD7F00441833 = {
			isa = PBXGroup;
			children = (
				970C7BB9191FDD8000441833 /* RockFolio */,
				970C7BD8191FDD8000441833 /* RockFolioTests */,
				970C7BB2191FDD8000441833 /* Frameworks */,
				970C7BB1191FDD8000441833 /* Products */,
			);
			sourceTree = "<group>";
		};
		970C7BB1191FDD8000441833 /* Products */ = {
			isa = PBXGroup;
			children = (
				970C7BB0191FDD8000441833 /* RockFolio.app */,
				970C7BD1191FDD8000441833 /* RockFolioTests.xctest */,
			);
			name = Products;
			sourceTree = "<group>";
		};
		970C7BB2191FDD8000441833 /* Frameworks */ = {
			isa = PBXGroup;
			children = (
				970C7BB3191FDD8000441833 /* Foundation.framework */,
				970C7BB5191FDD8000441833 /* CoreGraphics.framework */,
				970C7BB7191FDD8000441833 /* UIKit.framework */,
				970C7BD2191FDD8000441833 /* XCTest.framework */,
			);
			name = Frameworks;
			sourceTree = "<group>";
		};
		970C7BB9191FDD8000441833 /* RockFolio */ = {
			isa = PBXGroup;
			children = (
				970C7BC2191FDD8000441833 /* AppDelegate.h */,
				970C7BC3191FDD8000441833 /* AppDelegate.m */,
				970C7BC5191FDD8000441833 /* Main.storyboard */,
				970C7BF2191FE21C00441833 /* Home */,
				970C7BEA191FE00300441833 /* Menu */,
				970C7BEB191FE00C00441833 /* Venues */,
				970C7BEC191FE01D00441833 /* Bands */,
				970C7BEE191FE04800441833 /* Band */,
				970C7C05191FE5C400441833 /* Foto's */,
				970C7BE9191FDFF300441833 /* About */,
				970C7BE8191FDFC900441833 /* RevealViewController */,
				970C7BCB191FDD8000441833 /* Images.xcassets */,
				970C7BBA191FDD8000441833 /* Supporting Files */,
			);
			path = RockFolio;
			sourceTree = "<group>";
		};
		970C7BBA191FDD8000441833 /* Supporting Files */ = {
			isa = PBXGroup;
			children = (
				970C7BBB191FDD8000441833 /* RockFolio-Info.plist */,
				970C7BBC191FDD8000441833 /* InfoPlist.strings */,
				970C7BBF191FDD8000441833 /* main.m */,
				970C7BC1191FDD8000441833 /* RockFolio-Prefix.pch */,
			);
			name = "Supporting Files";
			sourceTree = "<group>";
		};
		970C7BD8191FDD8000441833 /* RockFolioTests */ = {
			isa = PBXGroup;
			children = (
				970C7BDE191FDD8000441833 /* RockFolioTests.m */,
				970C7BD9191FDD8000441833 /* Supporting Files */,
			);
			path = RockFolioTests;
			sourceTree = "<group>";
		};
		970C7BD9191FDD8000441833 /* Supporting Files */ = {
			isa = PBXGroup;
			children = (
				970C7BDA191FDD8000441833 /* RockFolioTests-Info.plist */,
				970C7BDB191FDD8000441833 /* InfoPlist.strings */,
			);
			name = "Supporting Files";
			sourceTree = "<group>";
		};
		970C7BE8191FDFC900441833 /* RevealViewController */ = {
			isa = PBXGroup;
			children = (
				970C7BEF191FE0BF00441833 /* SWRevealViewController.h */,
				970C7BF0191FE0BF00441833 /* SWRevealViewController.m */,
			);
			name = RevealViewController;
			sourceTree = "<group>";
		};
		970C7BE9191FDFF300441833 /* About */ = {
			isa = PBXGroup;
			children = (
				970C7C02191FE2AA00441833 /* AboutViewController.h */,
				970C7C03191FE2AA00441833 /* AboutViewController.m */,
			);
			name = About;
			sourceTree = "<group>";
		};
		970C7BEA191FE00300441833 /* Menu */ = {
			isa = PBXGroup;
			children = (
				970C7BFF191FE29000441833 /* MenuViewController.h */,
				970C7C00191FE29000441833 /* MenuViewController.m */,
				970C7C0C191FFB2F00441833 /* MenuModel.h */,
				970C7C0D191FFB2F00441833 /* MenuModel.m */,
				970C7C0F191FFDD800441833 /* MenuItem.h */,
				970C7C10191FFDD800441833 /* MenuItem.m */,
			);
			name = Menu;
			sourceTree = "<group>";
		};
		970C7BEB191FE00C00441833 /* Venues */ = {
			isa = PBXGroup;
			children = (
				970C7BFC191FE28000441833 /* VenuesViewController.h */,
				970C7BFD191FE28000441833 /* VenuesViewController.m */,
			);
			name = Venues;
			sourceTree = "<group>";
		};
		970C7BEC191FE01D00441833 /* Bands */ = {
			isa = PBXGroup;
			children = (
				97BFF0F6192526F2003FAF37 /* RataplanViewController.h */,
				97BFF0F7192526F2003FAF37 /* RataplanViewController.m */,
				97BFF0EA1925263D003FAF37 /* TrixViewController.h */,
				97BFF0EB1925263D003FAF37 /* TrixViewController.m */,
				97BFF0ED19252667003FAF37 /* PetrolViewController.h */,
				97BFF0EE19252667003FAF37 /* PetrolViewController.m */,
				97BFF0F019252677003FAF37 /* ArenbergViewController.h */,
				97BFF0F119252677003FAF37 /* ArenbergViewController.m */,
				97BFF0F319252685003FAF37 /* ABViewController.h */,
				97BFF0F419252685003FAF37 /* ABViewController.m */,
			);
			name = Bands;
			sourceTree = "<group>";
		};
		970C7BEE191FE04800441833 /* Band */ = {
			isa = PBXGroup;
			children = (
				97BFF106192694DF003FAF37 /* Okon&TheMovementViewController.h */,
				97BFF107192694DF003FAF37 /* Okon&TheMovementViewController.m */,
				97BFF10919269501003FAF37 /* DeBerenGierenViewController.h */,
				97BFF10A19269501003FAF37 /* DeBerenGierenViewController.m */,
				97BFF10C19269518003FAF37 /* ReutRegevViewController.h */,
				97BFF10D19269518003FAF37 /* ReutRegevViewController.m */,
				97BFF10F1926952A003FAF37 /* ReenaRiotViewController.h */,
				97BFF1101926952A003FAF37 /* ReenaRiotViewController.m */,
				97BFF1121926953F003FAF37 /* OthinSpakeViewController.h */,
				97BFF1131926953F003FAF37 /* OthinSpakeViewController.m */,
				97BFF11519269552003FAF37 /* Victor&TheBloodViewController.h */,
				97BFF11619269552003FAF37 /* Victor&TheBloodViewController.m */,
				97BFF1181926956B003FAF37 /* TheSoundsViewController.h */,
				97BFF1191926956B003FAF37 /* TheSoundsViewController.m */,
				97BFF11B19269585003FAF37 /* DeJeugdVanTegenwoordigViewController.h */,
				97BFF11C19269585003FAF37 /* DeJeugdVanTegenwoordigViewController.m */,
				97BFF11E192695A1003FAF37 /* IntergalacticLoversViewController.h */,
				97BFF11F192695A1003FAF37 /* IntergalacticLoversViewController.m */,
				97BFF121192695B4003FAF37 /* TheSubsViewController.h */,
				97BFF122192695B4003FAF37 /* TheSubsViewController.m */,
				97BFF124192695C1003FAF37 /* MarbleSoundsViewController.h */,
				97BFF125192695C1003FAF37 /* MarbleSoundsViewController.m */,
			);
			name = Band;
			sourceTree = "<group>";
		};
		970C7BF2191FE21C00441833 /* Home */ = {
			isa = PBXGroup;
			children = (
				970C7BF3191FE23B00441833 /* HomeViewController.h */,
				970C7BF4191FE23B00441833 /* HomeViewController.m */,
			);
			name = Home;
			sourceTree = "<group>";
		};
		970C7C05191FE5C400441833 /* Foto's */ = {
			isa = PBXGroup;
			children = (
				970C7C09191FEE7D00441833 /* FotoViewController.h */,
				970C7C0A191FEE7D00441833 /* FotoViewController.m */,
			);
			name = "Foto's";
			sourceTree = "<group>";
		};
/* End PBXGroup section */

/* Begin PBXNativeTarget section */
		970C7BAF191FDD7F00441833 /* RockFolio */ = {
			isa = PBXNativeTarget;
			buildConfigurationList = 970C7BE2191FDD8000441833 /* Build configuration list for PBXNativeTarget "RockFolio" */;
			buildPhases = (
				970C7BAC191FDD7F00441833 /* Sources */,
				970C7BAD191FDD7F00441833 /* Frameworks */,
				970C7BAE191FDD7F00441833 /* Resources */,
			);
			buildRules = (
			);
			dependencies = (
			);
			name = RockFolio;
			productName = RockFolio;
			productReference = 970C7BB0191FDD8000441833 /* RockFolio.app */;
			productType = "com.apple.product-type.application";
		};
		970C7BD0191FDD8000441833 /* RockFolioTests */ = {
			isa = PBXNativeTarget;
			buildConfigurationList = 970C7BE5191FDD8000441833 /* Build configuration list for PBXNativeTarget "RockFolioTests" */;
			buildPhases = (
				970C7BCD191FDD8000441833 /* Sources */,
				970C7BCE191FDD8000441833 /* Frameworks */,
				970C7BCF191FDD8000441833 /* Resources */,
			);
			buildRules = (
			);
			dependencies = (
				970C7BD7191FDD8000441833 /* PBXTargetDependency */,
			);
			name = RockFolioTests;
			productName = RockFolioTests;
			productReference = 970C7BD1191FDD8000441833 /* RockFolioTests.xctest */;
			productType = "com.apple.product-type.bundle.unit-test";
		};
/* End PBXNativeTarget section */

/* Begin PBXProject section */
		970C7BA8191FDD7F00441833 /* Project object */ = {
			isa = PBXProject;
			attributes = {
				LastUpgradeCheck = 0510;
				ORGANIZATIONNAME = "Caroline Van Velthoven";
				TargetAttributes = {
					970C7BD0191FDD8000441833 = {
						TestTargetID = 970C7BAF191FDD7F00441833;
					};
				};
			};
			buildConfigurationList = 970C7BAB191FDD7F00441833 /* Build configuration list for PBXProject "RockFolio" */;
			compatibilityVersion = "Xcode 3.2";
			developmentRegion = English;
			hasScannedForEncodings = 0;
			knownRegions = (
				en,
				Base,
			);
			mainGroup = 970C7BA7191FDD7F00441833;
			productRefGroup = 970C7BB1191FDD8000441833 /* Products */;
			projectDirPath = "";
			projectRoot = "";
			targets = (
				970C7BAF191FDD7F00441833 /* RockFolio */,
				970C7BD0191FDD8000441833 /* RockFolioTests */,
			);
		};
/* End PBXProject section */

/* Begin PBXResourcesBuildPhase section */
		970C7BAE191FDD7F00441833 /* Resources */ = {
			isa = PBXResourcesBuildPhase;
			buildActionMask = 2147483647;
			files = (
				970C7BCC191FDD8000441833 /* Images.xcassets in Resources */,
				970C7BBE191FDD8000441833 /* InfoPlist.strings in Resources */,
				970C7BC7191FDD8000441833 /* Main.storyboard in Resources */,
			);
			runOnlyForDeploymentPostprocessing = 0;
		};
		970C7BCF191FDD8000441833 /* Resources */ = {
			isa = PBXResourcesBuildPhase;
			buildActionMask = 2147483647;
			files = (
				970C7BDD191FDD8000441833 /* InfoPlist.strings in Resources */,
			);
			runOnlyForDeploymentPostprocessing = 0;
		};
/* End PBXResourcesBuildPhase section */

/* Begin PBXSourcesBuildPhase section */
		970C7BAC191FDD7F00441833 /* Sources */ = {
			isa = PBXSourcesBuildPhase;
			buildActionMask = 2147483647;
			files = (
				970C7C04191FE2AA00441833 /* AboutViewController.m in Sources */,
				97BFF1111926952A003FAF37 /* ReenaRiotViewController.m in Sources */,
				970C7BC4191FDD8000441833 /* AppDelegate.m in Sources */,
				970C7BC0191FDD8000441833 /* main.m in Sources */,
				97BFF0F219252677003FAF37 /* ArenbergViewController.m in Sources */,
				970C7BFE191FE28000441833 /* VenuesViewController.m in Sources */,
				97BFF1141926953F003FAF37 /* OthinSpakeViewController.m in Sources */,
				97BFF0F8192526F2003FAF37 /* RataplanViewController.m in Sources */,
				97BFF108192694DF003FAF37 /* Okon&TheMovementViewController.m in Sources */,
				970C7C01191FE29000441833 /* MenuViewController.m in Sources */,
				97BFF11A1926956B003FAF37 /* TheSoundsViewController.m in Sources */,
				97BFF126192695C1003FAF37 /* MarbleSoundsViewController.m in Sources */,
				97BFF10E19269518003FAF37 /* ReutRegevViewController.m in Sources */,
				970C7BF1191FE0BF00441833 /* SWRevealViewController.m in Sources */,
				97BFF11719269552003FAF37 /* Victor&TheBloodViewController.m in Sources */,
				97BFF0EF19252667003FAF37 /* PetrolViewController.m in Sources */,
				97BFF10B19269501003FAF37 /* DeBerenGierenViewController.m in Sources */,
				970C7C0B191FEE7D00441833 /* FotoViewController.m in Sources */,
				970C7C11191FFDD800441833 /* MenuItem.m in Sources */,
				97BFF120192695A1003FAF37 /* IntergalacticLoversViewController.m in Sources */,
				970C7C0E191FFB2F00441833 /* MenuModel.m in Sources */,
				97BFF0EC1925263D003FAF37 /* TrixViewController.m in Sources */,
				970C7BF5191FE23B00441833 /* HomeViewController.m in Sources */,
				97BFF123192695B4003FAF37 /* TheSubsViewController.m in Sources */,
				97BFF11D19269585003FAF37 /* DeJeugdVanTegenwoordigViewController.m in Sources */,
				97BFF0F519252686003FAF37 /* ABViewController.m in Sources */,
			);
			runOnlyForDeploymentPostprocessing = 0;
		};
		970C7BCD191FDD8000441833 /* Sources */ = {
			isa = PBXSourcesBuildPhase;
			buildActionMask = 2147483647;
			files = (
				970C7BDF191FDD8000441833 /* RockFolioTests.m in Sources */,
			);
			runOnlyForDeploymentPostprocessing = 0;
		};
/* End PBXSourcesBuildPhase section */

/* Begin PBXTargetDependency section */
		970C7BD7191FDD8000441833 /* PBXTargetDependency */ = {
			isa = PBXTargetDependency;
			target = 970C7BAF191FDD7F00441833 /* RockFolio */;
			targetProxy = 970C7BD6191FDD8000441833 /* PBXContainerItemProxy */;
		};
/* End PBXTargetDependency section */

/* Begin PBXVariantGroup section */
		970C7BBC191FDD8000441833 /* InfoPlist.strings */ = {
			isa = PBXVariantGroup;
			children = (
				970C7BBD191FDD8000441833 /* en */,
			);
			name = InfoPlist.strings;
			sourceTree = "<group>";
		};
		970C7BC5191FDD8000441833 /* Main.storyboard */ = {
			isa = PBXVariantGroup;
			children = (
				970C7BC6191FDD8000441833 /* Base */,
			);
			name = Main.storyboard;
			sourceTree = "<group>";
		};
		970C7BDB191FDD8000441833 /* InfoPlist.strings */ = {
			isa = PBXVariantGroup;
			children = (
				970C7BDC191FDD8000441833 /* en */,
			);
			name = InfoPlist.strings;
			sourceTree = "<group>";
		};
/* End PBXVariantGroup section */

/* Begin XCBuildConfiguration section */
		970C7BE0191FDD8000441833 /* Debug */ = {
			isa = XCBuildConfiguration;
			buildSettings = {
				ALWAYS_SEARCH_USER_PATHS = NO;
				CLANG_CXX_LANGUAGE_STANDARD = "gnu++0x";
				CLANG_CXX_LIBRARY = "libc++";
				CLANG_ENABLE_MODULES = YES;
				CLANG_ENABLE_OBJC_ARC = YES;
				CLANG_WARN_BOOL_CONVERSION = YES;
				CLANG_WARN_CONSTANT_CONVERSION = YES;
				CLANG_WARN_DIRECT_OBJC_ISA_USAGE = YES_ERROR;
				CLANG_WARN_EMPTY_BODY = YES;
				CLANG_WARN_ENUM_CONVERSION = YES;
				CLANG_WARN_INT_CONVERSION = YES;
				CLANG_WARN_OBJC_ROOT_CLASS = YES_ERROR;
				CLANG_WARN__DUPLICATE_METHOD_MATCH = YES;
				"CODE_SIGN_IDENTITY[sdk=iphoneos*]" = "iPhone Developer";
				COPY_PHASE_STRIP = NO;
				GCC_C_LANGUAGE_STANDARD = gnu99;
				GCC_DYNAMIC_NO_PIC = NO;
				GCC_OPTIMIZATION_LEVEL = 0;
				GCC_PREPROCESSOR_DEFINITIONS = (
					"DEBUG=1",
					"$(inherited)",
				);
				GCC_SYMBOLS_PRIVATE_EXTERN = NO;
				GCC_WARN_64_TO_32_BIT_CONVERSION = YES;
				GCC_WARN_ABOUT_RETURN_TYPE = YES_ERROR;
				GCC_WARN_UNDECLARED_SELECTOR = YES;
				GCC_WARN_UNINITIALIZED_AUTOS = YES_AGGRESSIVE;
				GCC_WARN_UNUSED_FUNCTION = YES;
				GCC_WARN_UNUSED_VARIABLE = YES;
				IPHONEOS_DEPLOYMENT_TARGET = 7.1;
				ONLY_ACTIVE_ARCH = YES;
				SDKROOT = iphoneos;
			};
			name = Debug;
		};
		970C7BE1191FDD8000441833 /* Release */ = {
			isa = XCBuildConfiguration;
			buildSettings = {
				ALWAYS_SEARCH_USER_PATHS = NO;
				CLANG_CXX_LANGUAGE_STANDARD = "gnu++0x";
				CLANG_CXX_LIBRARY = "libc++";
				CLANG_ENABLE_MODULES = YES;
				CLANG_ENABLE_OBJC_ARC = YES;
				CLANG_WARN_BOOL_CONVERSION = YES;
				CLANG_WARN_CONSTANT_CONVERSION = YES;
				CLANG_WARN_DIRECT_OBJC_ISA_USAGE = YES_ERROR;
				CLANG_WARN_EMPTY_BODY = YES;
				CLANG_WARN_ENUM_CONVERSION = YES;
				CLANG_WARN_INT_CONVERSION = YES;
				CLANG_WARN_OBJC_ROOT_CLASS = YES_ERROR;
				CLANG_WARN__DUPLICATE_METHOD_MATCH = YES;
				"CODE_SIGN_IDENTITY[sdk=iphoneos*]" = "iPhone Developer";
				COPY_PHASE_STRIP = YES;
				ENABLE_NS_ASSERTIONS = NO;
				GCC_C_LANGUAGE_STANDARD = gnu99;
				GCC_WARN_64_TO_32_BIT_CONVERSION = YES;
				GCC_WARN_ABOUT_RETURN_TYPE = YES_ERROR;
				GCC_WARN_UNDECLARED_SELECTOR = YES;
				GCC_WARN_UNINITIALIZED_AUTOS = YES_AGGRESSIVE;
				GCC_WARN_UNUSED_FUNCTION = YES;
				GCC_WARN_UNUSED_VARIABLE = YES;
				IPHONEOS_DEPLOYMENT_TARGET = 7.1;
				SDKROOT = iphoneos;
				VALIDATE_PRODUCT = YES;
			};
			name = Release;
		};
		970C7BE3191FDD8000441833 /* Debug */ = {
			isa = XCBuildConfiguration;
			buildSettings = {
				ASSETCATALOG_COMPILER_APPICON_NAME = AppIcon;
				ASSETCATALOG_COMPILER_LAUNCHIMAGE_NAME = LaunchImage;
				GCC_PRECOMPILE_PREFIX_HEADER = YES;
				GCC_PREFIX_HEADER = "RockFolio/RockFolio-Prefix.pch";
				INFOPLIST_FILE = "RockFolio/RockFolio-Info.plist";
				PRODUCT_NAME = "$(TARGET_NAME)";
				WRAPPER_EXTENSION = app;
			};
			name = Debug;
		};
		970C7BE4191FDD8000441833 /* Release */ = {
			isa = XCBuildConfiguration;
			buildSettings = {
				ASSETCATALOG_COMPILER_APPICON_NAME = AppIcon;
				ASSETCATALOG_COMPILER_LAUNCHIMAGE_NAME = LaunchImage;
				GCC_PRECOMPILE_PREFIX_HEADER = YES;
				GCC_PREFIX_HEADER = "RockFolio/RockFolio-Prefix.pch";
				INFOPLIST_FILE = "RockFolio/RockFolio-Info.plist";
				PRODUCT_NAME = "$(TARGET_NAME)";
				WRAPPER_EXTENSION = app;
			};
			name = Release;
		};
		970C7BE6191FDD8000441833 /* Debug */ = {
			isa = XCBuildConfiguration;
			buildSettings = {
				BUNDLE_LOADER = "$(BUILT_PRODUCTS_DIR)/RockFolio.app/RockFolio";
				FRAMEWORK_SEARCH_PATHS = (
					"$(SDKROOT)/Developer/Library/Frameworks",
					"$(inherited)",
					"$(DEVELOPER_FRAMEWORKS_DIR)",
				);
				GCC_PRECOMPILE_PREFIX_HEADER = YES;
				GCC_PREFIX_HEADER = "RockFolio/RockFolio-Prefix.pch";
				GCC_PREPROCESSOR_DEFINITIONS = (
					"DEBUG=1",
					"$(inherited)",
				);
				INFOPLIST_FILE = "RockFolioTests/RockFolioTests-Info.plist";
				PRODUCT_NAME = "$(TARGET_NAME)";
				TEST_HOST = "$(BUNDLE_LOADER)";
				WRAPPER_EXTENSION = xctest;
			};
			name = Debug;
		};
		970C7BE7191FDD8000441833 /* Release */ = {
			isa = XCBuildConfiguration;
			buildSettings = {
				BUNDLE_LOADER = "$(BUILT_PRODUCTS_DIR)/RockFolio.app/RockFolio";
				FRAMEWORK_SEARCH_PATHS = (
					"$(SDKROOT)/Developer/Library/Frameworks",
					"$(inherited)",
					"$(DEVELOPER_FRAMEWORKS_DIR)",
				);
				GCC_PRECOMPILE_PREFIX_HEADER = YES;
				GCC_PREFIX_HEADER = "RockFolio/RockFolio-Prefix.pch";
				INFOPLIST_FILE = "RockFolioTests/RockFolioTests-Info.plist";
				PRODUCT_NAME = "$(TARGET_NAME)";
				TEST_HOST = "$(BUNDLE_LOADER)";
				WRAPPER_EXTENSION = xctest;
			};
			name = Release;
		};
/* End XCBuildConfiguration section */

/* Begin XCConfigurationList section */
		970C7BAB191FDD7F00441833 /* Build configuration list for PBXProject "RockFolio" */ = {
			isa = XCConfigurationList;
			buildConfigurations = (
				970C7BE0191FDD8000441833 /* Debug */,
				970C7BE1191FDD8000441833 /* Release */,
			);
			defaultConfigurationIsVisible = 0;
			defaultConfigurationName = Release;
		};
		970C7BE2191FDD8000441833 /* Build configuration list for PBXNativeTarget "RockFolio" */ = {
			isa = XCConfigurationList;
			buildConfigurations = (
				970C7BE3191FDD8000441833 /* Debug */,
				970C7BE4191FDD8000441833 /* Release */,
			);
			defaultConfigurationIsVisible = 0;
			defaultConfigurationName = Release;
		};
		970C7BE5191FDD8000441833 /* Build configuration list for PBXNativeTarget "RockFolioTests" */ = {
			isa = XCConfigurationList;
			buildConfigurations = (
				970C7BE6191FDD8000441833 /* Debug */,
				970C7BE7191FDD8000441833 /* Release */,
			);
			defaultConfigurationIsVisible = 0;
			defaultConfigurationName = Release;
		};
/* End XCConfigurationList section */
	};
	rootObject = 970C7BA8191FDD7F00441833 /* Project object */;
}
